
Microsoft Visual Studio Solution File, Format Version 11.00
# Visual Studio 2010
Project("{FAE04EC0-301F-11D3-BF4B-00C04F79EFBC}") = "GolfPool-Service", "GolfPool-Service\GolfPool-Service.csproj", "{2C240D39-2AAA-42FE-86D4-F7271A1741A6}"
EndProject
Global
	GlobalSection(SolutionConfigurationPlatforms) = preSolution
		Debug|x86 = Debug|x86
		Release|x86 = Release|x86
	EndGlobalSection
	GlobalSection(ProjectConfigurationPlatforms) = postSolution
		{2C240D39-2AAA-42FE-86D4-F7271A1741A6}.Debug|x86.ActiveCfg = Debug|x86
		{2C240D39-2AAA-42FE-86D4-F7271A1741A6}.Debug|x86.Build.0 = Debug|x86
		{2C240D39-2AAA-42FE-86D4-F7271A1741A6}.Release|x86.ActiveCfg = Release|x86
		{2C240D39-2AAA-42FE-86D4-F7271A1741A6}.Release|x86.Build.0 = Release|x86
	EndGlobalSection
	GlobalSection(SolutionProperties) = preSolution
		HideSolutionNode = FALSE
	EndGlobalSection
EndGlobal
